
Microsoft Visual Studio Solution File, Format Version 12.00
# Visual Studio Version 17
VisualStudioVersion = 17.3.32804.467
MinimumVisualStudioVersion = 10.0.40219.1
Project("{FAE04EC0-301F-11D3-BF4B-00C04F79EFBC}") = "ConnectFour", "ConnectFour\ConnectFour.csproj", "{BF6FD3B2-566F-4574-B0B6-1103E0FCED26}"
EndProject
Global
	GlobalSection(SolutionConfigurationPlatforms) = preSolution
		Debug|Any CPU = Debug|Any CPU
		Release|Any CPU = Release|Any CPU
	EndGlobalSection
	GlobalSection(ProjectConfigurationPlatforms) = postSolution
		{BF6FD3B2-566F-4574-B0B6-1103E0FCED26}.Debug|Any CPU.ActiveCfg = Debug|Any CPU
		{BF6FD3B2-566F-4574-B0B6-1103E0FCED26}.Debug|Any CPU.Build.0 = Debug|Any CPU
		{BF6FD3B2-566F-4574-B0B6-1103E0FCED26}.Release|Any CPU.ActiveCfg = Release|Any CPU
		{BF6FD3B2-566F-4574-B0B6-1103E0FCED26}.Release|Any CPU.Build.0 = Release|Any CPU
	EndGlobalSection
	GlobalSection(SolutionProperties) = preSolution
		HideSolutionNode = FALSE
	EndGlobalSection
	GlobalSection(ExtensibilityGlobals) = postSolution
		SolutionGuid = {2A9500A8-FAB0-4D35-BCF3-A599AD051BC8}
	EndGlobalSection
EndGlobal
